
Microsoft Visual Studio Solution File, Format Version 12.00
# Visual Studio Version 16
VisualStudioVersion = 16.0.29613.14
MinimumVisualStudioVersion = 10.0.40219.1
Project("{FAE04EC0-301F-11D3-BF4B-00C04F79EFBC}") = "SanalSınıfOtomasyonu", "SanalSınıfOtomasyonu\SanalSınıfOtomasyonu.csproj", "{1FBDDADE-C0B0-46E8-82AB-9CE658D1E646}"
EndProject
Project("{FAE04EC0-301F-11D3-BF4B-00C04F79EFBC}") = "SanalSınıfTest", "SanalSınıfTest\SanalSınıfTest.csproj", "{4DD945D9-A4E0-4BAA-95BF-4FEEF162BFC7}"
EndProject
Global
	GlobalSection(SolutionConfigurationPlatforms) = preSolution
		Debug|Any CPU = Debug|Any CPU
		Release|Any CPU = Release|Any CPU
	EndGlobalSection
	GlobalSection(ProjectConfigurationPlatforms) = postSolution
		{1FBDDADE-C0B0-46E8-82AB-9CE658D1E646}.Debug|Any CPU.ActiveCfg = Debug|Any CPU
		{1FBDDADE-C0B0-46E8-82AB-9CE658D1E646}.Debug|Any CPU.Build.0 = Debug|Any CPU
		{1FBDDADE-C0B0-46E8-82AB-9CE658D1E646}.Release|Any CPU.ActiveCfg = Release|Any CPU
		{1FBDDADE-C0B0-46E8-82AB-9CE658D1E646}.Release|Any CPU.Build.0 = Release|Any CPU
		{4DD945D9-A4E0-4BAA-95BF-4FEEF162BFC7}.Debug|Any CPU.ActiveCfg = Debug|Any CPU
		{4DD945D9-A4E0-4BAA-95BF-4FEEF162BFC7}.Debug|Any CPU.Build.0 = Debug|Any CPU
		{4DD945D9-A4E0-4BAA-95BF-4FEEF162BFC7}.Release|Any CPU.ActiveCfg = Release|Any CPU
		{4DD945D9-A4E0-4BAA-95BF-4FEEF162BFC7}.Release|Any CPU.Build.0 = Release|Any CPU
	EndGlobalSection
	GlobalSection(SolutionProperties) = preSolution
		HideSolutionNode = FALSE
	EndGlobalSection
	GlobalSection(ExtensibilityGlobals) = postSolution
		SolutionGuid = {F5A4D05D-8828-4092-AECC-8FA6DAF5DFF8}
	EndGlobalSection
EndGlobal
